
Microsoft Visual Studio Solution File, Format Version 12.00
# Visual Studio Version 17
VisualStudioVersion = 17.13.35931.197
MinimumVisualStudioVersion = 10.0.40219.1
Project("{FAE04EC0-301F-11D3-BF4B-00C04F79EFBC}") = "Zeepkist.Ai", "Zeepkist.Ai\Zeepkist.Ai.csproj", "{54095E8F-25F3-06B9-E6FA-A9F7FE357A5C}"
EndProject
Project("{FAE04EC0-301F-11D3-BF4B-00C04F79EFBC}") = "Zeepkist.Ai.Tester", "Zeepkist.Ai.Tester\Zeepkist.Ai.Tester.csproj", "{3A3D0632-0EA6-4CF0-A329-FE78E36B1ADB}"
EndProject
Global
	GlobalSection(SolutionConfigurationPlatforms) = preSolution
		Debug|Any CPU = Debug|Any CPU
		Release|Any CPU = Release|Any CPU
	EndGlobalSection
	GlobalSection(ProjectConfigurationPlatforms) = postSolution
		{54095E8F-25F3-06B9-E6FA-A9F7FE357A5C}.Debug|Any CPU.ActiveCfg = Debug|Any CPU
		{54095E8F-25F3-06B9-E6FA-A9F7FE357A5C}.Debug|Any CPU.Build.0 = Debug|Any CPU
		{54095E8F-25F3-06B9-E6FA-A9F7FE357A5C}.Release|Any CPU.ActiveCfg = Release|Any CPU
		{54095E8F-25F3-06B9-E6FA-A9F7FE357A5C}.Release|Any CPU.Build.0 = Release|Any CPU
		{3A3D0632-0EA6-4CF0-A329-FE78E36B1ADB}.Debug|Any CPU.ActiveCfg = Debug|Any CPU
		{3A3D0632-0EA6-4CF0-A329-FE78E36B1ADB}.Debug|Any CPU.Build.0 = Debug|Any CPU
		{3A3D0632-0EA6-4CF0-A329-FE78E36B1ADB}.Release|Any CPU.ActiveCfg = Release|Any CPU
		{3A3D0632-0EA6-4CF0-A329-FE78E36B1ADB}.Release|Any CPU.Build.0 = Release|Any CPU
	EndGlobalSection
	GlobalSection(SolutionProperties) = preSolution
		HideSolutionNode = FALSE
	EndGlobalSection
	GlobalSection(ExtensibilityGlobals) = postSolution
		SolutionGuid = {335A88C7-32F9-43B9-8E10-86EEF662645C}
	EndGlobalSection
EndGlobal
